
Microsoft Visual Studio Solution File, Format Version 12.00
# Visual Studio Version 17
VisualStudioVersion = 17.1.32210.238
MinimumVisualStudioVersion = 10.0.40219.1
Project("{9A19103F-16F7-4668-BE54-9A1E7A4F7556}") = "CustomWeaponAPI", "src\CustomWeaponAPI\CustomWeaponAPI.csproj", "{5579D4D1-690A-49AD-B9B9-C6E11FD1D477}"
EndProject
Global
	GlobalSection(SolutionConfigurationPlatforms) = preSolution
		Debug|Any CPU = Debug|Any CPU
		Release|Any CPU = Release|Any CPU
	EndGlobalSection
	GlobalSection(ProjectConfigurationPlatforms) = postSolution
		{5579D4D1-690A-49AD-B9B9-C6E11FD1D477}.Debug|Any CPU.ActiveCfg = Debug|Any CPU
		{5579D4D1-690A-49AD-B9B9-C6E11FD1D477}.Debug|Any CPU.Build.0 = Debug|Any CPU
		{5579D4D1-690A-49AD-B9B9-C6E11FD1D477}.Release|Any CPU.ActiveCfg = Release|Any CPU
		{5579D4D1-690A-49AD-B9B9-C6E11FD1D477}.Release|Any CPU.Build.0 = Release|Any CPU
	EndGlobalSection
	GlobalSection(SolutionProperties) = preSolution
		HideSolutionNode = FALSE
	EndGlobalSection
	GlobalSection(ExtensibilityGlobals) = postSolution
		SolutionGuid = {320DEBEE-EE63-4BE7-9B41-FA3C3CA735F9}
	EndGlobalSection
EndGlobal
